
Microsoft Visual Studio Solution File, Format Version 12.00
# Visual Studio Version 17
VisualStudioVersion = 17.11.35327.3
MinimumVisualStudioVersion = 10.0.40219.1
Project("{FAE04EC0-301F-11D3-BF4B-00C04F79EFBC}") = "Modelos", "Modelos\Modelos.csproj", "{C1522B11-5E09-495A-AAA0-786AFB6C621E}"
EndProject
Project("{FAE04EC0-301F-11D3-BF4B-00C04F79EFBC}") = "Vistas", "Vistas\Vistas.csproj", "{20226AC0-85FB-444E-8F52-F97F2D901AF0}"
EndProject
Global
	GlobalSection(SolutionConfigurationPlatforms) = preSolution
		Debug|Any CPU = Debug|Any CPU
		Release|Any CPU = Release|Any CPU
	EndGlobalSection
	GlobalSection(ProjectConfigurationPlatforms) = postSolution
		{C1522B11-5E09-495A-AAA0-786AFB6C621E}.Debug|Any CPU.ActiveCfg = Debug|Any CPU
		{C1522B11-5E09-495A-AAA0-786AFB6C621E}.Debug|Any CPU.Build.0 = Debug|Any CPU
		{C1522B11-5E09-495A-AAA0-786AFB6C621E}.Release|Any CPU.ActiveCfg = Release|Any CPU
		{C1522B11-5E09-495A-AAA0-786AFB6C621E}.Release|Any CPU.Build.0 = Release|Any CPU
		{20226AC0-85FB-444E-8F52-F97F2D901AF0}.Debug|Any CPU.ActiveCfg = Debug|Any CPU
		{20226AC0-85FB-444E-8F52-F97F2D901AF0}.Debug|Any CPU.Build.0 = Debug|Any CPU
		{20226AC0-85FB-444E-8F52-F97F2D901AF0}.Release|Any CPU.ActiveCfg = Release|Any CPU
		{20226AC0-85FB-444E-8F52-F97F2D901AF0}.Release|Any CPU.Build.0 = Release|Any CPU
	EndGlobalSection
	GlobalSection(SolutionProperties) = preSolution
		HideSolutionNode = FALSE
	EndGlobalSection
	GlobalSection(ExtensibilityGlobals) = postSolution
		SolutionGuid = {20A269AD-C92D-419A-AE58-764D50D5FFB4}
	EndGlobalSection
EndGlobal
